
Microsoft Visual Studio Solution File, Format Version 12.00
# Visual Studio Version 17
VisualStudioVersion = 17.1.32328.378
MinimumVisualStudioVersion = 10.0.40219.1
Project("{2150E333-8FDC-42A3-9474-1A3956D46DE8}") = "Solution Items", "Solution Items", "{05D05A4D-89FB-41F2-A968-4406851C7E11}"
	ProjectSection(SolutionItems) = preProject
		..\README.md = ..\README.md
	EndProjectSection
EndProject
Project("{FAE04EC0-301F-11D3-BF4B-00C04F79EFBC}") = "MaterialRename", "MaterialRename.csproj", "{A46AE179-0F1F-4A71-9ED5-8C188AEE6DF1}"
EndProject
Global
	GlobalSection(SolutionConfigurationPlatforms) = preSolution
		Debug R22|x64 = Debug R22|x64
		Debug R23|x64 = Debug R23|x64
	EndGlobalSection
	GlobalSection(ProjectConfigurationPlatforms) = postSolution
		{A46AE179-0F1F-4A71-9ED5-8C188AEE6DF1}.Debug R22|x64.ActiveCfg = Debug R22|x64
		{A46AE179-0F1F-4A71-9ED5-8C188AEE6DF1}.Debug R22|x64.Build.0 = Debug R22|x64
		{A46AE179-0F1F-4A71-9ED5-8C188AEE6DF1}.Debug R23|x64.ActiveCfg = Debug R23|x64
		{A46AE179-0F1F-4A71-9ED5-8C188AEE6DF1}.Debug R23|x64.Build.0 = Debug R23|x64
	EndGlobalSection
	GlobalSection(SolutionProperties) = preSolution
		HideSolutionNode = FALSE
	EndGlobalSection
	GlobalSection(ExtensibilityGlobals) = postSolution
		SolutionGuid = {D13A0B74-FC8D-4D69-B3AF-76D3279C9F56}
	EndGlobalSection
EndGlobal
